<Project xmlns="http://schemas.microsoft.com/developer/msbuild/2003">
  <PropertyGroup>
    <ProjectGuid>{e6f72d4b-8ad2-4821-99ce-71f31873ed50}</ProjectGuid>
    <MainSource>Quiz.dpr</MainSource>
    <Configuration Condition=" '$(Configuration)' == '' ">Debug</Configuration>
    <Platform Condition=" '$(Platform)' == '' ">AnyCPU</Platform>
    <DCC_DCCCompiler>DCC32</DCC_DCCCompiler>
    <DCC_DependencyCheckOutputName>Quiz.exe</DCC_DependencyCheckOutputName>
  </PropertyGroup>
  <PropertyGroup Condition=" '$(Configuration)|$(Platform)' == 'Release|AnyCPU' ">
    <Version>7.0</Version>
    <DCC_DebugInformation>False</DCC_DebugInformation>
    <DCC_WriteableConstants>True</DCC_WriteableConstants>
    <DCC_LocalDebugSymbols>False</DCC_LocalDebugSymbols>
    <DCC_SymbolReferenceInfo>0</DCC_SymbolReferenceInfo>
    <DCC_Define>RELEASE</DCC_Define>
    <DCC_UNSAFE_TYPE>True</DCC_UNSAFE_TYPE>
    <DCC_UNSAFE_CODE>True</DCC_UNSAFE_CODE>
    <DCC_UNSAFE_CAST>True</DCC_UNSAFE_CAST>
  </PropertyGroup>
  <PropertyGroup Condition=" '$(Configuration)|$(Platform)' == 'Debug|AnyCPU' ">
    <Version>7.0</Version>
    <DCC_WriteableConstants>True</DCC_WriteableConstants>
    <DCC_Define>DEBUG</DCC_Define>
    <DCC_UNSAFE_TYPE>True</DCC_UNSAFE_TYPE>
    <DCC_UNSAFE_CODE>True</DCC_UNSAFE_CODE>
    <DCC_UNSAFE_CAST>True</DCC_UNSAFE_CAST>
  </PropertyGroup>
  <ProjectExtensions>
    <Borland.Personality>Delphi.Personality</Borland.Personality>
    <Borland.ProjectType>VCLApplication</Borland.ProjectType>
    <BorlandProject>
<BorlandProject xmlns=""> <Delphi.Personality>   <Parameters>
      <Parameters Name="UseLauncher">False</Parameters>
      <Parameters Name="LoadAllSymbols">True</Parameters>
      <Parameters Name="LoadUnspecifiedSymbols">False</Parameters>
    </Parameters>
    <Language>
      <Language Name="ProjectLang">$00000809</Language>
    </Language>
    <VersionInfo>
      <VersionInfo Name="IncludeVerInfo">True</VersionInfo>
      <VersionInfo Name="AutoIncBuild">False</VersionInfo>
      <VersionInfo Name="MajorVer">3</VersionInfo>
      <VersionInfo Name="MinorVer">2</VersionInfo>
      <VersionInfo Name="Release">0</VersionInfo>
      <VersionInfo Name="Build">0</VersionInfo>
      <VersionInfo Name="Debug">False</VersionInfo>
      <VersionInfo Name="PreRelease">False</VersionInfo>
      <VersionInfo Name="Special">False</VersionInfo>
      <VersionInfo Name="Private">False</VersionInfo>
      <VersionInfo Name="DLL">False</VersionInfo>
      <VersionInfo Name="Locale">2057</VersionInfo>
      <VersionInfo Name="CodePage">1252</VersionInfo>
    </VersionInfo>
    <VersionInfoKeys>
      <VersionInfoKeys Name="CompanyName">Arch Technologies</VersionInfoKeys>
      <VersionInfoKeys Name="FileDescription">Questions &amp; Answers Quiz Program</VersionInfoKeys>
      <VersionInfoKeys Name="FileVersion">3.2.0.0</VersionInfoKeys>
      <VersionInfoKeys Name="InternalName">Quiz.exe</VersionInfoKeys>
      <VersionInfoKeys Name="LegalCopyright">Arch Technologies © 2007</VersionInfoKeys>
      <VersionInfoKeys Name="LegalTrademarks"></VersionInfoKeys>
      <VersionInfoKeys Name="OriginalFilename">Quiz.exe</VersionInfoKeys>
      <VersionInfoKeys Name="ProductName">Questions &amp; Answers</VersionInfoKeys>
      <VersionInfoKeys Name="ProductVersion">3.2</VersionInfoKeys>
      <VersionInfoKeys Name="Comments"></VersionInfoKeys>
      <VersionInfoKeys Name="Author">Paul-Robert Archibald</VersionInfoKeys>
      <VersionInfoKeys Name="3rd Party Components">XPMenu &amp; HTML Help API Interface Unit &amp; DeftEdit</VersionInfoKeys>
    </VersionInfoKeys>
    <Source>
      <Source Name="MainSource">Quiz.dpr</Source>
    </Source>
  </Delphi.Personality> </BorlandProject></BorlandProject>
  </ProjectExtensions>
  <ItemGroup />
  <ItemGroup>
    <DelphiCompile Include="Quiz.dpr">
      <MainSource>MainSource</MainSource>
    </DelphiCompile>
    <DCCReference Include="About.pas">
      <Form>AboutBox</Form>
    </DCCReference>
    <DCCReference Include="hh.pas" />
    <DCCReference Include="hh_funcs.pas" />
    <DCCReference Include="Output.pas">
      <Form>OutputForm</Form>
    </DCCReference>
    <DCCReference Include="Students.pas">
      <Form>StudentsForm</Form>
    </DCCReference>
    <DCCReference Include="Teachers.pas">
      <Form>TeachersForm</Form>
    </DCCReference>
  </ItemGroup>
  <Import Project="$(MSBuildBinPath)\Borland.Delphi.Targets" />
</Project>